
Microsoft Visual Studio Solution File, Format Version 12.00
# Visual Studio Version 17
VisualStudioVersion = 17.3.32929.385
MinimumVisualStudioVersion = 10.0.40219.1
Project("{9A19103F-16F7-4668-BE54-9A1E7A4F7556}") = "BankApplication_KAR", "BankApplication_KAR\BankApplication_KAR.csproj", "{1040A3A3-ED9C-4D67-858F-CEBAEB2394BE}"
EndProject
Project("{2150E333-8FDC-42A3-9474-1A3956D46DE8}") = "Solution Items", "Solution Items", "{DCEB0232-18F4-4F4E-BAA4-0B1986FB66FD}"
EndProject
Project("{FAE04EC0-301F-11D3-BF4B-00C04F79EFBC}") = "BankApplicationTests", "BankApplicationTests\BankApplicationTests.csproj", "{5AEBBAA2-1CC6-4C39-BA8A-68B097629FDB}"
EndProject
Global
	GlobalSection(SolutionConfigurationPlatforms) = preSolution
		Debug|Any CPU = Debug|Any CPU
		Release|Any CPU = Release|Any CPU
	EndGlobalSection
	GlobalSection(ProjectConfigurationPlatforms) = postSolution
		{1040A3A3-ED9C-4D67-858F-CEBAEB2394BE}.Debug|Any CPU.ActiveCfg = Debug|Any CPU
		{1040A3A3-ED9C-4D67-858F-CEBAEB2394BE}.Debug|Any CPU.Build.0 = Debug|Any CPU
		{1040A3A3-ED9C-4D67-858F-CEBAEB2394BE}.Release|Any CPU.ActiveCfg = Release|Any CPU
		{1040A3A3-ED9C-4D67-858F-CEBAEB2394BE}.Release|Any CPU.Build.0 = Release|Any CPU
		{5AEBBAA2-1CC6-4C39-BA8A-68B097629FDB}.Debug|Any CPU.ActiveCfg = Debug|Any CPU
		{5AEBBAA2-1CC6-4C39-BA8A-68B097629FDB}.Debug|Any CPU.Build.0 = Debug|Any CPU
		{5AEBBAA2-1CC6-4C39-BA8A-68B097629FDB}.Release|Any CPU.ActiveCfg = Release|Any CPU
		{5AEBBAA2-1CC6-4C39-BA8A-68B097629FDB}.Release|Any CPU.Build.0 = Release|Any CPU
	EndGlobalSection
	GlobalSection(SolutionProperties) = preSolution
		HideSolutionNode = FALSE
	EndGlobalSection
	GlobalSection(ExtensibilityGlobals) = postSolution
		SolutionGuid = {F42EC850-41A5-4A27-9AEE-64B6430F730C}
	EndGlobalSection
EndGlobal
